
Microsoft Visual Studio Solution File, Format Version 12.00
# Visual Studio Version 17
VisualStudioVersion = 17.1.32328.378
MinimumVisualStudioVersion = 10.0.40219.1
Project("{8BC9CEB8-8B4A-11D0-8D11-00A0C91BC942}") = "myBlockChain", "myBlockChain.vcxproj", "{0FE7145B-74E9-417C-9F27-05474ED1FA1B}"
EndProject
Project("{8BC9CEB8-8B4A-11D0-8D11-00A0C91BC942}") = "FullNode1", "..\FullNode1\FullNode1.vcxproj", "{A3D33413-D4C5-41EC-BEFE-CD0AD817D145}"
EndProject
Project("{8BC9CEB8-8B4A-11D0-8D11-00A0C91BC942}") = "FullNode2", "..\FullNode2\FullNode2.vcxproj", "{9EFCDE35-24AA-4A36-9E9B-C7543FEB67CA}"
EndProject
Project("{8BC9CEB8-8B4A-11D0-8D11-00A0C91BC942}") = "FullNode3", "..\FullNode3\FullNode3.vcxproj", "{53982043-0B5B-4D72-9004-8D3C17474D73}"
EndProject
Project("{8BC9CEB8-8B4A-11D0-8D11-00A0C91BC942}") = "FullNode4", "..\FullNode4\FullNode4.vcxproj", "{803A63D9-DB95-4951-B7DE-FAB3F945ADA6}"
EndProject
Project("{8BC9CEB8-8B4A-11D0-8D11-00A0C91BC942}") = "FullNode5", "..\FullNode5\FullNode5.vcxproj", "{872881B7-3EA2-4349-8021-CEF2E988F958}"
EndProject
Project("{8BC9CEB8-8B4A-11D0-8D11-00A0C91BC942}") = "FullNode0", "..\FullNode0\FullNode0.vcxproj", "{79508A7D-DCA3-4B43-9B25-1CA99C73D513}"
EndProject
Project("{8BC9CEB8-8B4A-11D0-8D11-00A0C91BC942}") = "UserNode0", "..\UserNode0\UserNode0.vcxproj", "{3A5F6F2F-B487-410A-9A88-41E3CBD1F88D}"
EndProject
Project("{8BC9CEB8-8B4A-11D0-8D11-00A0C91BC942}") = "UserNode1", "..\UserNode1\UserNode1.vcxproj", "{A4E865F5-9C87-4375-9198-F31F30CD5756}"
EndProject
Project("{8BC9CEB8-8B4A-11D0-8D11-00A0C91BC942}") = "UserNode2", "..\UserNode2\UserNode2.vcxproj", "{56CA0E01-DFB7-483D-81E5-ABB681ABAA88}"
EndProject
Project("{8BC9CEB8-8B4A-11D0-8D11-00A0C91BC942}") = "UserNode3", "..\UserNode3\UserNode3.vcxproj", "{13E2117B-4D57-4A57-AB4C-37797EEA01EB}"
EndProject
Global
	GlobalSection(SolutionConfigurationPlatforms) = preSolution
		Debug|x64 = Debug|x64
		Debug|x86 = Debug|x86
		Release|x64 = Release|x64
		Release|x86 = Release|x86
	EndGlobalSection
	GlobalSection(ProjectConfigurationPlatforms) = postSolution
		{0FE7145B-74E9-417C-9F27-05474ED1FA1B}.Debug|x64.ActiveCfg = Debug|x64
		{0FE7145B-74E9-417C-9F27-05474ED1FA1B}.Debug|x64.Build.0 = Debug|x64
		{0FE7145B-74E9-417C-9F27-05474ED1FA1B}.Debug|x86.ActiveCfg = Debug|Win32
		{0FE7145B-74E9-417C-9F27-05474ED1FA1B}.Debug|x86.Build.0 = Debug|Win32
		{0FE7145B-74E9-417C-9F27-05474ED1FA1B}.Release|x64.ActiveCfg = Release|x64
		{0FE7145B-74E9-417C-9F27-05474ED1FA1B}.Release|x64.Build.0 = Release|x64
		{0FE7145B-74E9-417C-9F27-05474ED1FA1B}.Release|x86.ActiveCfg = Release|Win32
		{0FE7145B-74E9-417C-9F27-05474ED1FA1B}.Release|x86.Build.0 = Release|Win32
		{A3D33413-D4C5-41EC-BEFE-CD0AD817D145}.Debug|x64.ActiveCfg = Debug|x64
		{A3D33413-D4C5-41EC-BEFE-CD0AD817D145}.Debug|x64.Build.0 = Debug|x64
		{A3D33413-D4C5-41EC-BEFE-CD0AD817D145}.Debug|x86.ActiveCfg = Debug|Win32
		{A3D33413-D4C5-41EC-BEFE-CD0AD817D145}.Debug|x86.Build.0 = Debug|Win32
		{A3D33413-D4C5-41EC-BEFE-CD0AD817D145}.Release|x64.ActiveCfg = Release|x64
		{A3D33413-D4C5-41EC-BEFE-CD0AD817D145}.Release|x64.Build.0 = Release|x64
		{A3D33413-D4C5-41EC-BEFE-CD0AD817D145}.Release|x86.ActiveCfg = Release|Win32
		{A3D33413-D4C5-41EC-BEFE-CD0AD817D145}.Release|x86.Build.0 = Release|Win32
		{9EFCDE35-24AA-4A36-9E9B-C7543FEB67CA}.Debug|x64.ActiveCfg = Debug|x64
		{9EFCDE35-24AA-4A36-9E9B-C7543FEB67CA}.Debug|x64.Build.0 = Debug|x64
		{9EFCDE35-24AA-4A36-9E9B-C7543FEB67CA}.Debug|x86.ActiveCfg = Debug|Win32
		{9EFCDE35-24AA-4A36-9E9B-C7543FEB67CA}.Debug|x86.Build.0 = Debug|Win32
		{9EFCDE35-24AA-4A36-9E9B-C7543FEB67CA}.Release|x64.ActiveCfg = Release|x64
		{9EFCDE35-24AA-4A36-9E9B-C7543FEB67CA}.Release|x64.Build.0 = Release|x64
		{9EFCDE35-24AA-4A36-9E9B-C7543FEB67CA}.Release|x86.ActiveCfg = Release|Win32
		{9EFCDE35-24AA-4A36-9E9B-C7543FEB67CA}.Release|x86.Build.0 = Release|Win32
		{53982043-0B5B-4D72-9004-8D3C17474D73}.Debug|x64.ActiveCfg = Debug|x64
		{53982043-0B5B-4D72-9004-8D3C17474D73}.Debug|x64.Build.0 = Debug|x64
		{53982043-0B5B-4D72-9004-8D3C17474D73}.Debug|x86.ActiveCfg = Debug|Win32
		{53982043-0B5B-4D72-9004-8D3C17474D73}.Debug|x86.Build.0 = Debug|Win32
		{53982043-0B5B-4D72-9004-8D3C17474D73}.Release|x64.ActiveCfg = Release|x64
		{53982043-0B5B-4D72-9004-8D3C17474D73}.Release|x64.Build.0 = Release|x64
		{53982043-0B5B-4D72-9004-8D3C17474D73}.Release|x86.ActiveCfg = Release|Win32
		{53982043-0B5B-4D72-9004-8D3C17474D73}.Release|x86.Build.0 = Release|Win32
		{803A63D9-DB95-4951-B7DE-FAB3F945ADA6}.Debug|x64.ActiveCfg = Debug|x64
		{803A63D9-DB95-4951-B7DE-FAB3F945ADA6}.Debug|x64.Build.0 = Debug|x64
		{803A63D9-DB95-4951-B7DE-FAB3F945ADA6}.Debug|x86.ActiveCfg = Debug|Win32
		{803A63D9-DB95-4951-B7DE-FAB3F945ADA6}.Debug|x86.Build.0 = Debug|Win32
		{803A63D9-DB95-4951-B7DE-FAB3F945ADA6}.Release|x64.ActiveCfg = Release|x64
		{803A63D9-DB95-4951-B7DE-FAB3F945ADA6}.Release|x64.Build.0 = Release|x64
		{803A63D9-DB95-4951-B7DE-FAB3F945ADA6}.Release|x86.ActiveCfg = Release|Win32
		{803A63D9-DB95-4951-B7DE-FAB3F945ADA6}.Release|x86.Build.0 = Release|Win32
		{872881B7-3EA2-4349-8021-CEF2E988F958}.Debug|x64.ActiveCfg = Debug|x64
		{872881B7-3EA2-4349-8021-CEF2E988F958}.Debug|x64.Build.0 = Debug|x64
		{872881B7-3EA2-4349-8021-CEF2E988F958}.Debug|x86.ActiveCfg = Debug|Win32
		{872881B7-3EA2-4349-8021-CEF2E988F958}.Debug|x86.Build.0 = Debug|Win32
		{872881B7-3EA2-4349-8021-CEF2E988F958}.Release|x64.ActiveCfg = Release|x64
		{872881B7-3EA2-4349-8021-CEF2E988F958}.Release|x64.Build.0 = Release|x64
		{872881B7-3EA2-4349-8021-CEF2E988F958}.Release|x86.ActiveCfg = Release|Win32
		{872881B7-3EA2-4349-8021-CEF2E988F958}.Release|x86.Build.0 = Release|Win32
		{79508A7D-DCA3-4B43-9B25-1CA99C73D513}.Debug|x64.ActiveCfg = Debug|x64
		{79508A7D-DCA3-4B43-9B25-1CA99C73D513}.Debug|x64.Build.0 = Debug|x64
		{79508A7D-DCA3-4B43-9B25-1CA99C73D513}.Debug|x86.ActiveCfg = Debug|Win32
		{79508A7D-DCA3-4B43-9B25-1CA99C73D513}.Debug|x86.Build.0 = Debug|Win32
		{79508A7D-DCA3-4B43-9B25-1CA99C73D513}.Release|x64.ActiveCfg = Release|x64
		{79508A7D-DCA3-4B43-9B25-1CA99C73D513}.Release|x64.Build.0 = Release|x64
		{79508A7D-DCA3-4B43-9B25-1CA99C73D513}.Release|x86.ActiveCfg = Release|Win32
		{79508A7D-DCA3-4B43-9B25-1CA99C73D513}.Release|x86.Build.0 = Release|Win32
		{3A5F6F2F-B487-410A-9A88-41E3CBD1F88D}.Debug|x64.ActiveCfg = Debug|x64
		{3A5F6F2F-B487-410A-9A88-41E3CBD1F88D}.Debug|x64.Build.0 = Debug|x64
		{3A5F6F2F-B487-410A-9A88-41E3CBD1F88D}.Debug|x86.ActiveCfg = Debug|Win32
		{3A5F6F2F-B487-410A-9A88-41E3CBD1F88D}.Debug|x86.Build.0 = Debug|Win32
		{3A5F6F2F-B487-410A-9A88-41E3CBD1F88D}.Release|x64.ActiveCfg = Release|x64
		{3A5F6F2F-B487-410A-9A88-41E3CBD1F88D}.Release|x64.Build.0 = Release|x64
		{3A5F6F2F-B487-410A-9A88-41E3CBD1F88D}.Release|x86.ActiveCfg = Release|Win32
		{3A5F6F2F-B487-410A-9A88-41E3CBD1F88D}.Release|x86.Build.0 = Release|Win32
		{A4E865F5-9C87-4375-9198-F31F30CD5756}.Debug|x64.ActiveCfg = Debug|x64
		{A4E865F5-9C87-4375-9198-F31F30CD5756}.Debug|x64.Build.0 = Debug|x64
		{A4E865F5-9C87-4375-9198-F31F30CD5756}.Debug|x86.ActiveCfg = Debug|Win32
		{A4E865F5-9C87-4375-9198-F31F30CD5756}.Debug|x86.Build.0 = Debug|Win32
		{A4E865F5-9C87-4375-9198-F31F30CD5756}.Release|x64.ActiveCfg = Release|x64
		{A4E865F5-9C87-4375-9198-F31F30CD5756}.Release|x64.Build.0 = Release|x64
		{A4E865F5-9C87-4375-9198-F31F30CD5756}.Release|x86.ActiveCfg = Release|Win32
		{A4E865F5-9C87-4375-9198-F31F30CD5756}.Release|x86.Build.0 = Release|Win32
		{56CA0E01-DFB7-483D-81E5-ABB681ABAA88}.Debug|x64.ActiveCfg = Debug|x64
		{56CA0E01-DFB7-483D-81E5-ABB681ABAA88}.Debug|x64.Build.0 = Debug|x64
		{56CA0E01-DFB7-483D-81E5-ABB681ABAA88}.Debug|x86.ActiveCfg = Debug|Win32
		{56CA0E01-DFB7-483D-81E5-ABB681ABAA88}.Debug|x86.Build.0 = Debug|Win32
		{56CA0E01-DFB7-483D-81E5-ABB681ABAA88}.Release|x64.ActiveCfg = Release|x64
		{56CA0E01-DFB7-483D-81E5-ABB681ABAA88}.Release|x64.Build.0 = Release|x64
		{56CA0E01-DFB7-483D-81E5-ABB681ABAA88}.Release|x86.ActiveCfg = Release|Win32
		{56CA0E01-DFB7-483D-81E5-ABB681ABAA88}.Release|x86.Build.0 = Release|Win32
		{13E2117B-4D57-4A57-AB4C-37797EEA01EB}.Debug|x64.ActiveCfg = Debug|x64
		{13E2117B-4D57-4A57-AB4C-37797EEA01EB}.Debug|x64.Build.0 = Debug|x64
		{13E2117B-4D57-4A57-AB4C-37797EEA01EB}.Debug|x86.ActiveCfg = Debug|Win32
		{13E2117B-4D57-4A57-AB4C-37797EEA01EB}.Debug|x86.Build.0 = Debug|Win32
		{13E2117B-4D57-4A57-AB4C-37797EEA01EB}.Release|x64.ActiveCfg = Release|x64
		{13E2117B-4D57-4A57-AB4C-37797EEA01EB}.Release|x64.Build.0 = Release|x64
		{13E2117B-4D57-4A57-AB4C-37797EEA01EB}.Release|x86.ActiveCfg = Release|Win32
		{13E2117B-4D57-4A57-AB4C-37797EEA01EB}.Release|x86.Build.0 = Release|Win32
	EndGlobalSection
	GlobalSection(SolutionProperties) = preSolution
		HideSolutionNode = FALSE
	EndGlobalSection
	GlobalSection(ExtensibilityGlobals) = postSolution
		SolutionGuid = {C6EE8F8A-4304-4BF9-9E77-173135272710}
	EndGlobalSection
EndGlobal
